{
  "requires": true,
  "lockfileVersion": 1,
  "dependencies": {
    "argparse": {
      "version": "2.0.1",
      "resolved": "https://registry.npm.taobao.org/argparse/download/argparse-2.0.1.tgz",
      "integrity": "sha1-JG9Q88p4oyQPbJl+ipvR6sSeSzg="
    },
    "entities": {
      "version": "2.1.0",
      "resolved": "https://registry.nlark.com/entities/download/entities-2.1.0.tgz",
      "integrity": "sha1-mS0xKc999ocLlsV4WMJJoSD4uLU="
    },
    "linkify-it": {
      "version": "3.0.3",
      "resolved": "https://registry.npmmirror.com/linkify-it/download/linkify-it-3.0.3.tgz",
      "integrity": "sha1-qYuvRM5FpVDvtNScdp0HUkzC+i4=",
      "requires": {
        "uc.micro": "^1.0.1"
      }
    },
    "markdown-it": {
      "version": "12.2.0",
      "resolved": "https://registry.nlark.com/markdown-it/download/markdown-it-12.2.0.tgz",
      "integrity": "sha1-CR9yD9XbIG+A3nqNHxpwNf0NONs=",
      "requires": {
        "argparse": "^2.0.1",
        "entities": "~2.1.0",
        "linkify-it": "^3.0.1",
        "mdurl": "^1.0.1",
        "uc.micro": "^1.0.5"
      }
    },
    "mdurl": {
      "version": "1.0.1",
      "resolved": "https://registry.npm.taobao.org/mdurl/download/mdurl-1.0.1.tgz",
      "integrity": "sha1-/oWy7HWlkDfyrf7BAP1sYBdhFS4="
    },
    "uc.micro": {
      "version": "1.0.6",
      "resolved": "https://registry.npm.taobao.org/uc.micro/download/uc.micro-1.0.6.tgz",
      "integrity": "sha1-nEEagCpAmpH8bPdAgbq6NLJEmaw="
    }
  }
}
